{
  "name": "yii-application",
  "lockfileVersion": 3,
  "requires": true,
  "packages": {
    "": {
      "devDependencies": {
        "@pnotify/core": "^5.2.0"
      }
    },
    "node_modules/@pnotify/core": {
      "version": "5.2.0",
      "resolved": "https://registry.npmjs.org/@pnotify/core/-/core-5.2.0.tgz",
      "integrity": "sha512-d9ZM7Q6ZxuwTJ14QbOa7pWmoUqObPis7S1K+TzISffrL8w2f7JigEPI281agLShVAMIsE5SsC6O9YhkutwekbA==",
      "dev": true
    }
  }
}
